
Microsoft Visual Studio Solution File, Format Version 11.00
# Visual Studio 2010
Project("{FAE04EC0-301F-11D3-BF4B-00C04F79EFBC}") = "Rotary Switch Designer", "Rotary Switch Designer\Rotary Switch Designer.csproj", "{725BD3CA-04C7-4985-86C4-6520D21AA315}"
EndProject
Project("{FAE04EC0-301F-11D3-BF4B-00C04F79EFBC}") = "Unit Tests", "Unit Tests\Unit Tests.csproj", "{259BBE8D-83FD-4633-8D05-0B68558237C1}"
EndProject
Project("{2150E333-8FDC-42A3-9474-1A3956D46DE8}") = "Solution Items", "Solution Items", "{70EC3C46-C7A5-4AA2-9AA2-C1EFEBE10D39}"
	ProjectSection(SolutionItems) = preProject
		Local.testsettings = Local.testsettings
		Rotary Switch Designer.vsmdi = Rotary Switch Designer.vsmdi
		TraceAndTestImpact.testsettings = TraceAndTestImpact.testsettings
	EndProjectSection
EndProject
Global
	GlobalSection(TestCaseManagementSettings) = postSolution
		CategoryFile = Rotary Switch Designer.vsmdi
	EndGlobalSection
	GlobalSection(SolutionConfigurationPlatforms) = preSolution
		Debug|x86 = Debug|x86
		Release|x86 = Release|x86
	EndGlobalSection
	GlobalSection(ProjectConfigurationPlatforms) = postSolution
		{725BD3CA-04C7-4985-86C4-6520D21AA315}.Debug|x86.ActiveCfg = Debug|x86
		{725BD3CA-04C7-4985-86C4-6520D21AA315}.Debug|x86.Build.0 = Debug|x86
		{725BD3CA-04C7-4985-86C4-6520D21AA315}.Release|x86.ActiveCfg = Release|x86
		{725BD3CA-04C7-4985-86C4-6520D21AA315}.Release|x86.Build.0 = Release|x86
		{259BBE8D-83FD-4633-8D05-0B68558237C1}.Debug|x86.ActiveCfg = Debug|x86
		{259BBE8D-83FD-4633-8D05-0B68558237C1}.Debug|x86.Build.0 = Debug|x86
		{259BBE8D-83FD-4633-8D05-0B68558237C1}.Release|x86.ActiveCfg = Release|Any CPU
	EndGlobalSection
	GlobalSection(SolutionProperties) = preSolution
		HideSolutionNode = FALSE
	EndGlobalSection
EndGlobal
